[[schemas]]
subject = "credits"
version = 7
sha512 = "13fd92964027ed182d82c44acd478f1667abdcba502e3ae9fa0783bd562d5299fccb15bded420bc621e30820ef1277e84f25507370110aa008f0461ddba720f8"

[[schemas]]
subject = "credits_mpsc"
version = 2
sha512 = "627b4a73d6f37f87c9c828ac2b094d7b267246fbd2eee627760bfe48bb0a40ab36073b163f85ace639cd83fcf04ef4d3ca38ecb3345ae0b68e30f14b548c45e8"

[[schemas]]
subject = "organization"
version = 3
sha512 = "18a0b4e53c4d1914445e51a316d1834431e8657fa4edfafee3ea6ebc78a901467fadf40867d010cde02332125e346d9c174f146a80fcba1ae4a6fdc46931db5f"
